Microsoft Visual Studio Solution File, Format Version 10.00
# Visual Studio 2008

Project("{4909E630-B117-2259-9843-499BF0509302}") = "ex3", "Assembly-CSharp-firstpass-vs.csproj", "{BE964744-E4E1-324F-82A0-2C070BEC8CFC}"
EndProject
Global
	GlobalSection(SolutionConfigurationPlatforms) = preSolution
		Debug|Any CPU = Debug|Any CPU
		Release|Any CPU = Release|Any CPU
	EndGlobalSection
	GlobalSection(ProjectConfigurationPlatforms) = postSolution
		{BE964744-E4E1-324F-82A0-2C070BEC8CFC}.Debug|Any CPU.ActiveCfg = Debug|Any CPU
		{BE964744-E4E1-324F-82A0-2C070BEC8CFC}.Debug|Any CPU.Build.0 = Debug|Any CPU
		{BE964744-E4E1-324F-82A0-2C070BEC8CFC}.Release|Any CPU.ActiveCfg = Release|Any CPU
		{BE964744-E4E1-324F-82A0-2C070BEC8CFC}.Release|Any CPU.Build.0 = Release|Any CPU
	EndGlobalSection
	GlobalSection(SolutionProperties) = preSolution
		HideSolutionNode = FALSE
	EndGlobalSection
	
EndGlobal
